// !$*UTF8*$!
{
	archiveVersion = 1;
	classes = {
	};
	objectVersion = 56;
	objects = {

/* Begin PBXBuildFile section */
		A1485D162C8769C00062DB3F /* TODOListWatchAndTVApp.swift in Sources */ = {isa = PBXBuildFile; fileRef = A1485D152C8769C00062DB3F /* TODOListWatchAndTVApp.swift */; };
		A1485D182C8769C00062DB3F /* ContentView.swift in Sources */ = {isa = PBXBuildFile; fileRef = A1485D172C8769C00062DB3F /* ContentView.swift */; };
		A1485D1A2C8769C20062DB3F /* Assets.xcassets in Resources */ = {isa = PBXBuildFile; fileRef = A1485D192C8769C20062DB3F /* Assets.xcassets */; };
		A1485D1D2C8769C20062DB3F /* Preview Assets.xcassets in Resources */ = {isa = PBXBuildFile; fileRef = A1485D1C2C8769C20062DB3F /* Preview Assets.xcassets */; };
		A1485D472C876A380062DB3F /* TodoWatch Watch App.app in Embed Watch Content */ = {isa = PBXBuildFile; fileRef = A1485D462C876A380062DB3F /* TodoWatch Watch App.app */; settings = {ATTRIBUTES = (RemoveHeadersOnCopy, ); }; };
		A1485D4C2C876A380062DB3F /* TodoWatchApp.swift in Sources */ = {isa = PBXBuildFile; fileRef = A1485D4B2C876A380062DB3F /* TodoWatchApp.swift */; };
		A1485D4E2C876A380062DB3F /* ContentView.swift in Sources */ = {isa = PBXBuildFile; fileRef = A1485D4D2C876A380062DB3F /* ContentView.swift */; };
		A1485D502C876A3B0062DB3F /* Assets.xcassets in Resources */ = {isa = PBXBuildFile; fileRef = A1485D4F2C876A3B0062DB3F /* Assets.xcassets */; };
		A1485D532C876A3B0062DB3F /* Preview Assets.xcassets in Resources */ = {isa = PBXBuildFile; fileRef = A1485D522C876A3B0062DB3F /* Preview Assets.xcassets */; };
		A1485D622C876A4F0062DB3F /* TodoTVApp.swift in Sources */ = {isa = PBXBuildFile; fileRef = A1485D612C876A4F0062DB3F /* TodoTVApp.swift */; };
		A1485D642C876A4F0062DB3F /* ContentView.swift in Sources */ = {isa = PBXBuildFile; fileRef = A1485D632C876A4F0062DB3F /* ContentView.swift */; };
		A1485D662C876A510062DB3F /* Assets.xcassets in Resources */ = {isa = PBXBuildFile; fileRef = A1485D652C876A510062DB3F /* Assets.xcassets */; };
		A1485D692C876A510062DB3F /* Preview Assets.xcassets in Resources */ = {isa = PBXBuildFile; fileRef = A1485D682C876A510062DB3F /* Preview Assets.xcassets */; };
		A1485D6E2C876AC90062DB3F /* TextInputView.swift in Sources */ = {isa = PBXBuildFile; fileRef = A1485D6D2C876AC90062DB3F /* TextInputView.swift */; };
		A1485D6F2C876AC90062DB3F /* TextInputView.swift in Sources */ = {isa = PBXBuildFile; fileRef = A1485D6D2C876AC90062DB3F /* TextInputView.swift */; };
		A1485D702C876AC90062DB3F /* TextInputView.swift in Sources */ = {isa = PBXBuildFile; fileRef = A1485D6D2C876AC90062DB3F /* TextInputView.swift */; };
		A1485D722C876AFF0062DB3F /* TodoListView.swift in Sources */ = {isa = PBXBuildFile; fileRef = A1485D712C876AFF0062DB3F /* TodoListView.swift */; };
		A1485D732C876AFF0062DB3F /* TodoListView.swift in Sources */ = {isa = PBXBuildFile; fileRef = A1485D712C876AFF0062DB3F /* TodoListView.swift */; };
		A1485D742C876AFF0062DB3F /* TodoListView.swift in Sources */ = {isa = PBXBuildFile; fileRef = A1485D712C876AFF0062DB3F /* TodoListView.swift */; };
/* End PBXBuildFile section */

/* Begin PBXContainerItemProxy section */
		A1485D482C876A380062DB3F /* PBXContainerItemProxy */ = {
			isa = PBXContainerItemProxy;
			containerPortal = A1485D0A2C8769C00062DB3F /* Project object */;
			proxyType = 1;
			remoteGlobalIDString = A1485D452C876A380062DB3F;
			remoteInfo = "TodoWatch Watch App";
		};
/* End PBXContainerItemProxy section */

/* Begin PBXCopyFilesBuildPhase section */
		A1485D562C876A3B0062DB3F /* Embed Watch Content */ = {
			isa = PBXCopyFilesBuildPhase;
			buildActionMask = 2147483647;
			dstPath = "$(CONTENTS_FOLDER_PATH)/Watch";
			dstSubfolderSpec = 16;
			files = (
				A1485D472C876A380062DB3F /* TodoWatch Watch App.app in Embed Watch Content */,
			);
			name = "Embed Watch Content";
			runOnlyForDeploymentPostprocessing = 0;
		};
/* End PBXCopyFilesBuildPhase section */

/* Begin PBXFileReference section */
		A1485D122C8769C00062DB3F /* TODOListWatchAndTV.app */ = {isa = PBXFileReference; explicitFileType = wrapper.application; includeInIndex = 0; path = TODOListWatchAndTV.app; sourceTree = BUILT_PRODUCTS_DIR; };
		A1485D152C8769C00062DB3F /* TODOListWatchAndTVApp.swift */ = {isa = PBXFileReference; lastKnownFileType = sourcecode.swift; path = TODOListWatchAndTVApp.swift; sourceTree = "<group>"; };
		A1485D172C8769C00062DB3F /* ContentView.swift */ = {isa = PBXFileReference; lastKnownFileType = sourcecode.swift; path = ContentView.swift; sourceTree = "<group>"; };
		A1485D192C8769C20062DB3F /* Assets.xcassets */ = {isa = PBXFileReference; lastKnownFileType = folder.assetcatalog; path = Assets.xcassets; sourceTree = "<group>"; };
		A1485D1C2C8769C20062DB3F /* Preview Assets.xcassets */ = {isa = PBXFileReference; lastKnownFileType = folder.assetcatalog; path = "Preview Assets.xcassets"; sourceTree = "<group>"; };
		A1485D412C876A380062DB3F /* TodoWatch.app */ = {isa = PBXFileReference; explicitFileType = wrapper.application; includeInIndex = 0; path = TodoWatch.app; sourceTree = BUILT_PRODUCTS_DIR; };
		A1485D462C876A380062DB3F /* TodoWatch Watch App.app */ = {isa = PBXFileReference; explicitFileType = wrapper.application; includeInIndex = 0; path = "TodoWatch Watch App.app"; sourceTree = BUILT_PRODUCTS_DIR; };
		A1485D4B2C876A380062DB3F /* TodoWatchApp.swift */ = {isa = PBXFileReference; lastKnownFileType = sourcecode.swift; path = TodoWatchApp.swift; sourceTree = "<group>"; };
		A1485D4D2C876A380062DB3F /* ContentView.swift */ = {isa = PBXFileReference; lastKnownFileType = sourcecode.swift; path = ContentView.swift; sourceTree = "<group>"; };
		A1485D4F2C876A3B0062DB3F /* Assets.xcassets */ = {isa = PBXFileReference; lastKnownFileType = folder.assetcatalog; path = Assets.xcassets; sourceTree = "<group>"; };
		A1485D522C876A3B0062DB3F /* Preview Assets.xcassets */ = {isa = PBXFileReference; lastKnownFileType = folder.assetcatalog; path = "Preview Assets.xcassets"; sourceTree = "<group>"; };
		A1485D5F2C876A4F0062DB3F /* TodoTV.app */ = {isa = PBXFileReference; explicitFileType = wrapper.application; includeInIndex = 0; path = TodoTV.app; sourceTree = BUILT_PRODUCTS_DIR; };
		A1485D612C876A4F0062DB3F /* TodoTVApp.swift */ = {isa = PBXFileReference; lastKnownFileType = sourcecode.swift; path = TodoTVApp.swift; sourceTree = "<group>"; };
		A1485D632C876A4F0062DB3F /* ContentView.swift */ = {isa = PBXFileReference; lastKnownFileType = sourcecode.swift; path = ContentView.swift; sourceTree = "<group>"; };
		A1485D652C876A510062DB3F /* Assets.xcassets */ = {isa = PBXFileReference; lastKnownFileType = folder.assetcatalog; path = Assets.xcassets; sourceTree = "<group>"; };
		A1485D682C876A510062DB3F /* Preview Assets.xcassets */ = {isa = PBXFileReference; lastKnownFileType = folder.assetcatalog; path = "Preview Assets.xcassets"; sourceTree = "<group>"; };
		A1485D6D2C876AC90062DB3F /* TextInputView.swift */ = {isa = PBXFileReference; lastKnownFileType = sourcecode.swift; path = TextInputView.swift; sourceTree = "<group>"; };
		A1485D712C876AFF0062DB3F /* TodoListView.swift */ = {isa = PBXFileReference; lastKnownFileType = sourcecode.swift; path = TodoListView.swift; sourceTree = "<group>"; };
/* End PBXFileReference section */

/* Begin PBXFrameworksBuildPhase section */
		A1485D0F2C8769C00062DB3F /* Frameworks */ = {
			isa = PBXFrameworksBuildPhase;
			buildActionMask = 2147483647;
			files = (
			);
			runOnlyForDeploymentPostprocessing = 0;
		};
		A1485D432C876A380062DB3F /* Frameworks */ = {
			isa = PBXFrameworksBuildPhase;
			buildActionMask = 2147483647;
			files = (
			);
			runOnlyForDeploymentPostprocessing = 0;
		};
		A1485D5C2C876A4F0062DB3F /* Frameworks */ = {
			isa = PBXFrameworksBuildPhase;
			buildActionMask = 2147483647;
			files = (
			);
			runOnlyForDeploymentPostprocessing = 0;
		};
/* End PBXFrameworksBuildPhase section */

/* Begin PBXGroup section */
		A1485D092C8769C00062DB3F = {
			isa = PBXGroup;
			children = (
				A1485D142C8769C00062DB3F /* TODOListWatchAndTV */,
				A1485D4A2C876A380062DB3F /* TodoWatch Watch App */,
				A1485D602C876A4F0062DB3F /* TodoTV */,
				A1485D132C8769C00062DB3F /* Products */,
			);
			sourceTree = "<group>";
		};
		A1485D132C8769C00062DB3F /* Products */ = {
			isa = PBXGroup;
			children = (
				A1485D122C8769C00062DB3F /* TODOListWatchAndTV.app */,
				A1485D412C876A380062DB3F /* TodoWatch.app */,
				A1485D462C876A380062DB3F /* TodoWatch Watch App.app */,
				A1485D5F2C876A4F0062DB3F /* TodoTV.app */,
			);
			name = Products;
			sourceTree = "<group>";
		};
		A1485D142C8769C00062DB3F /* TODOListWatchAndTV */ = {
			isa = PBXGroup;
			children = (
				A1485D152C8769C00062DB3F /* TODOListWatchAndTVApp.swift */,
				A1485D172C8769C00062DB3F /* ContentView.swift */,
				A1485D6D2C876AC90062DB3F /* TextInputView.swift */,
				A1485D712C876AFF0062DB3F /* TodoListView.swift */,
				A1485D192C8769C20062DB3F /* Assets.xcassets */,
				A1485D1B2C8769C20062DB3F /* Preview Content */,
			);
			path = TODOListWatchAndTV;
			sourceTree = "<group>";
		};
		A1485D1B2C8769C20062DB3F /* Preview Content */ = {
			isa = PBXGroup;
			children = (
				A1485D1C2C8769C20062DB3F /* Preview Assets.xcassets */,
			);
			path = "Preview Content";
			sourceTree = "<group>";
		};
		A1485D4A2C876A380062DB3F /* TodoWatch Watch App */ = {
			isa = PBXGroup;
			children = (
				A1485D4B2C876A380062DB3F /* TodoWatchApp.swift */,
				A1485D4D2C876A380062DB3F /* ContentView.swift */,
				A1485D4F2C876A3B0062DB3F /* Assets.xcassets */,
				A1485D512C876A3B0062DB3F /* Preview Content */,
			);
			path = "TodoWatch Watch App";
			sourceTree = "<group>";
		};
		A1485D512C876A3B0062DB3F /* Preview Content */ = {
			isa = PBXGroup;
			children = (
				A1485D522C876A3B0062DB3F /* Preview Assets.xcassets */,
			);
			path = "Preview Content";
			sourceTree = "<group>";
		};
		A1485D602C876A4F0062DB3F /* TodoTV */ = {
			isa = PBXGroup;
			children = (
				A1485D612C876A4F0062DB3F /* TodoTVApp.swift */,
				A1485D632C876A4F0062DB3F /* ContentView.swift */,
				A1485D652C876A510062DB3F /* Assets.xcassets */,
				A1485D672C876A510062DB3F /* Preview Content */,
			);
			path = TodoTV;
			sourceTree = "<group>";
		};
		A1485D672C876A510062DB3F /* Preview Content */ = {
			isa = PBXGroup;
			children = (
				A1485D682C876A510062DB3F /* Preview Assets.xcassets */,
			);
			path = "Preview Content";
			sourceTree = "<group>";
		};
/* End PBXGroup section */

/* Begin PBXNativeTarget section */
		A1485D112C8769C00062DB3F /* TODOListWatchAndTV */ = {
			isa = PBXNativeTarget;
			buildConfigurationList = A1485D202C8769C20062DB3F /* Build configuration list for PBXNativeTarget "TODOListWatchAndTV" */;
			buildPhases = (
				A1485D0E2C8769C00062DB3F /* Sources */,
				A1485D0F2C8769C00062DB3F /* Frameworks */,
				A1485D102C8769C00062DB3F /* Resources */,
			);
			buildRules = (
			);
			dependencies = (
			);
			name = TODOListWatchAndTV;
			productName = TODOListWatchAndTV;
			productReference = A1485D122C8769C00062DB3F /* TODOListWatchAndTV.app */;
			productType = "com.apple.product-type.application";
		};
		A1485D402C876A380062DB3F /* TodoWatch */ = {
			isa = PBXNativeTarget;
			buildConfigurationList = A1485D5A2C876A3B0062DB3F /* Build configuration list for PBXNativeTarget "TodoWatch" */;
			buildPhases = (
				A1485D3F2C876A380062DB3F /* Resources */,
				A1485D562C876A3B0062DB3F /* Embed Watch Content */,
			);
			buildRules = (
			);
			dependencies = (
				A1485D492C876A380062DB3F /* PBXTargetDependency */,
			);
			name = TodoWatch;
			productName = TodoWatch;
			productReference = A1485D412C876A380062DB3F /* TodoWatch.app */;
			productType = "com.apple.product-type.application.watchapp2-container";
		};
		A1485D452C876A380062DB3F /* TodoWatch Watch App */ = {
			isa = PBXNativeTarget;
			buildConfigurationList = A1485D592C876A3B0062DB3F /* Build configuration list for PBXNativeTarget "TodoWatch Watch App" */;
			buildPhases = (
				A1485D422C876A380062DB3F /* Sources */,
				A1485D432C876A380062DB3F /* Frameworks */,
				A1485D442C876A380062DB3F /* Resources */,
			);
			buildRules = (
			);
			dependencies = (
			);
			name = "TodoWatch Watch App";
			productName = "TodoWatch Watch App";
			productReference = A1485D462C876A380062DB3F /* TodoWatch Watch App.app */;
			productType = "com.apple.product-type.application";
		};
		A1485D5E2C876A4F0062DB3F /* TodoTV */ = {
			isa = PBXNativeTarget;
			buildConfigurationList = A1485D6A2C876A510062DB3F /* Build configuration list for PBXNativeTarget "TodoTV" */;
			buildPhases = (
				A1485D5B2C876A4F0062DB3F /* Sources */,
				A1485D5C2C876A4F0062DB3F /* Frameworks */,
				A1485D5D2C876A4F0062DB3F /* Resources */,
			);
			buildRules = (
			);
			dependencies = (
			);
			name = TodoTV;
			productName = TodoTV;
			productReference = A1485D5F2C876A4F0062DB3F /* TodoTV.app */;
			productType = "com.apple.product-type.application";
		};
/* End PBXNativeTarget section */

/* Begin PBXProject section */
		A1485D0A2C8769C00062DB3F /* Project object */ = {
			isa = PBXProject;
			attributes = {
				BuildIndependentTargetsInParallel = 1;
				LastSwiftUpdateCheck = 1520;
				LastUpgradeCheck = 1520;
				TargetAttributes = {
					A1485D112C8769C00062DB3F = {
						CreatedOnToolsVersion = 15.2;
					};
					A1485D402C876A380062DB3F = {
						CreatedOnToolsVersion = 15.2;
					};
					A1485D452C876A380062DB3F = {
						CreatedOnToolsVersion = 15.2;
					};
					A1485D5E2C876A4F0062DB3F = {
						CreatedOnToolsVersion = 15.2;
					};
				};
			};
			buildConfigurationList = A1485D0D2C8769C00062DB3F /* Build configuration list for PBXProject "TODOListWatchAndTV" */;
			compatibilityVersion = "Xcode 14.0";
			developmentRegion = en;
			hasScannedForEncodings = 0;
			knownRegions = (
				en,
				Base,
			);
			mainGroup = A1485D092C8769C00062DB3F;
			productRefGroup = A1485D132C8769C00062DB3F /* Products */;
			projectDirPath = "";
			projectRoot = "";
			targets = (
				A1485D112C8769C00062DB3F /* TODOListWatchAndTV */,
				A1485D402C876A380062DB3F /* TodoWatch */,
				A1485D452C876A380062DB3F /* TodoWatch Watch App */,
				A1485D5E2C876A4F0062DB3F /* TodoTV */,
			);
		};
/* End PBXProject section */

/* Begin PBXResourcesBuildPhase section */
		A1485D102C8769C00062DB3F /* Resources */ = {
			isa = PBXResourcesBuildPhase;
			buildActionMask = 2147483647;
			files = (
				A1485D1D2C8769C20062DB3F /* Preview Assets.xcassets in Resources */,
				A1485D1A2C8769C20062DB3F /* Assets.xcassets in Resources */,
			);
			runOnlyForDeploymentPostprocessing = 0;
		};
		A1485D3F2C876A380062DB3F /* Resources */ = {
			isa = PBXResourcesBuildPhase;
			buildActionMask = 2147483647;
			files = (
			);
			runOnlyForDeploymentPostprocessing = 0;
		};
		A1485D442C876A380062DB3F /* Resources */ = {
			isa = PBXResourcesBuildPhase;
			buildActionMask = 2147483647;
			files = (
				A1485D532C876A3B0062DB3F /* Preview Assets.xcassets in Resources */,
				A1485D502C876A3B0062DB3F /* Assets.xcassets in Resources */,
			);
			runOnlyForDeploymentPostprocessing = 0;
		};
		A1485D5D2C876A4F0062DB3F /* Resources */ = {
			isa = PBXResourcesBuildPhase;
			buildActionMask = 2147483647;
			files = (
				A1485D692C876A510062DB3F /* Preview Assets.xcassets in Resources */,
				A1485D662C876A510062DB3F /* Assets.xcassets in Resources */,
			);
			runOnlyForDeploymentPostprocessing = 0;
		};
/* End PBXResourcesBuildPhase section */

/* Begin PBXSourcesBuildPhase section */
		A1485D0E2C8769C00062DB3F /* Sources */ = {
			isa = PBXSourcesBuildPhase;
			buildActionMask = 2147483647;
			files = (
				A1485D182C8769C00062DB3F /* ContentView.swift in Sources */,
				A1485D162C8769C00062DB3F /* TODOListWatchAndTVApp.swift in Sources */,
				A1485D722C876AFF0062DB3F /* TodoListView.swift in Sources */,
				A1485D6E2C876AC90062DB3F /* TextInputView.swift in Sources */,
			);
			runOnlyForDeploymentPostprocessing = 0;
		};
		A1485D422C876A380062DB3F /* Sources */ = {
			isa = PBXSourcesBuildPhase;
			buildActionMask = 2147483647;
			files = (
				A1485D4E2C876A380062DB3F /* ContentView.swift in Sources */,
				A1485D4C2C876A380062DB3F /* TodoWatchApp.swift in Sources */,
				A1485D732C876AFF0062DB3F /* TodoListView.swift in Sources */,
				A1485D6F2C876AC90062DB3F /* TextInputView.swift in Sources */,
			);
			runOnlyForDeploymentPostprocessing = 0;
		};
		A1485D5B2C876A4F0062DB3F /* Sources */ = {
			isa = PBXSourcesBuildPhase;
			buildActionMask = 2147483647;
			files = (
				A1485D642C876A4F0062DB3F /* ContentView.swift in Sources */,
				A1485D622C876A4F0062DB3F /* TodoTVApp.swift in Sources */,
				A1485D742C876AFF0062DB3F /* TodoListView.swift in Sources */,
				A1485D702C876AC90062DB3F /* TextInputView.swift in Sources */,
			);
			runOnlyForDeploymentPostprocessing = 0;
		};
/* End PBXSourcesBuildPhase section */

/* Begin PBXTargetDependency section */
		A1485D492C876A380062DB3F /* PBXTargetDependency */ = {
			isa = PBXTargetDependency;
			target = A1485D452C876A380062DB3F /* TodoWatch Watch App */;
			targetProxy = A1485D482C876A380062DB3F /* PBXContainerItemProxy */;
		};
/* End PBXTargetDependency section */

/* Begin XCBuildConfiguration section */
		A1485D1E2C8769C20062DB3F /* Debug */ = {
			isa = XCBuildConfiguration;
			buildSettings = {
				ALWAYS_SEARCH_USER_PATHS = NO;
				ASSETCATALOG_COMPILER_GENERATE_SWIFT_ASSET_SYMBOL_EXTENSIONS = YES;
				CLANG_ANALYZER_NONNULL = YES;
				CLANG_ANALYZER_NUMBER_OBJECT_CONVERSION = YES_AGGRESSIVE;
				CLANG_CXX_LANGUAGE_STANDARD = "gnu++20";
				CLANG_ENABLE_MODULES = YES;
				CLANG_ENABLE_OBJC_ARC = YES;
				CLANG_ENABLE_OBJC_WEAK = YES;
				CLANG_WARN_BLOCK_CAPTURE_AUTORELEASING = YES;
				CLANG_WARN_BOOL_CONVERSION = YES;
				CLANG_WARN_COMMA = YES;
				CLANG_WARN_CONSTANT_CONVERSION = YES;
				CLANG_WARN_DEPRECATED_OBJC_IMPLEMENTATIONS = YES;
				CLANG_WARN_DIRECT_OBJC_ISA_USAGE = YES_ERROR;
				CLANG_WARN_DOCUMENTATION_COMMENTS = YES;
				CLANG_WARN_EMPTY_BODY = YES;
				CLANG_WARN_ENUM_CONVERSION = YES;
				CLANG_WARN_INFINITE_RECURSION = YES;
				CLANG_WARN_INT_CONVERSION = YES;
				CLANG_WARN_NON_LITERAL_NULL_CONVERSION = YES;
				CLANG_WARN_OBJC_IMPLICIT_RETAIN_SELF = YES;
				CLANG_WARN_OBJC_LITERAL_CONVERSION = YES;
				CLANG_WARN_OBJC_ROOT_CLASS = YES_ERROR;
				CLANG_WARN_QUOTED_INCLUDE_IN_FRAMEWORK_HEADER = YES;
				CLANG_WARN_RANGE_LOOP_ANALYSIS = YES;
				CLANG_WARN_STRICT_PROTOTYPES = YES;
				CLANG_WARN_SUSPICIOUS_MOVE = YES;
				CLANG_WARN_UNGUARDED_AVAILABILITY = YES_AGGRESSIVE;
				CLANG_WARN_UNREACHABLE_CODE = YES;
				CLANG_WARN__DUPLICATE_METHOD_MATCH = YES;
				CODE_SIGN_IDENTITY = "iPhone Developer";
				COPY_PHASE_STRIP = NO;
				DEBUG_INFORMATION_FORMAT = dwarf;
				ENABLE_STRICT_OBJC_MSGSEND = YES;
				ENABLE_TESTABILITY = YES;
				ENABLE_USER_SCRIPT_SANDBOXING = YES;
				GCC_C_LANGUAGE_STANDARD = gnu17;
				GCC_DYNAMIC_NO_PIC = NO;
				GCC_NO_COMMON_BLOCKS = YES;
				GCC_OPTIMIZATION_LEVEL = 0;
				GCC_PREPROCESSOR_DEFINITIONS = (
					"DEBUG=1",
					"$(inherited)",
				);
				GCC_WARN_64_TO_32_BIT_CONVERSION = YES;
				GCC_WARN_ABOUT_RETURN_TYPE = YES_ERROR;
				GCC_WARN_UNDECLARED_SELECTOR = YES;
				GCC_WARN_UNINITIALIZED_AUTOS = YES_AGGRESSIVE;
				GCC_WARN_UNUSED_FUNCTION = YES;
				GCC_WARN_UNUSED_VARIABLE = YES;
				IPHONEOS_DEPLOYMENT_TARGET = 17.2;
				LOCALIZATION_PREFERS_STRING_CATALOGS = YES;
				MTL_ENABLE_DEBUG_INFO = INCLUDE_SOURCE;
				MTL_FAST_MATH = YES;
				ONLY_ACTIVE_ARCH = YES;
				SDKROOT = iphoneos;
				SWIFT_ACTIVE_COMPILATION_CONDITIONS = "DEBUG $(inherited)";
				SWIFT_OPTIMIZATION_LEVEL = "-Onone";
			};
			name = Debug;
		};
		A1485D1F2C8769C20062DB3F /* Release */ = {
			isa = XCBuildConfiguration;
			buildSettings = {
				ALWAYS_SEARCH_USER_PATHS = NO;
				ASSETCATALOG_COMPILER_GENERATE_SWIFT_ASSET_SYMBOL_EXTENSIONS = YES;
				CLANG_ANALYZER_NONNULL = YES;
				CLANG_ANALYZER_NUMBER_OBJECT_CONVERSION = YES_AGGRESSIVE;
				CLANG_CXX_LANGUAGE_STANDARD = "gnu++20";
				CLANG_ENABLE_MODULES = YES;
				CLANG_ENABLE_OBJC_ARC = YES;
				CLANG_ENABLE_OBJC_WEAK = YES;
				CLANG_WARN_BLOCK_CAPTURE_AUTORELEASING = YES;
				CLANG_WARN_BOOL_CONVERSION = YES;
				CLANG_WARN_COMMA = YES;
				CLANG_WARN_CONSTANT_CONVERSION = YES;
				CLANG_WARN_DEPRECATED_OBJC_IMPLEMENTATIONS = YES;
				CLANG_WARN_DIRECT_OBJC_ISA_USAGE = YES_ERROR;
				CLANG_WARN_DOCUMENTATION_COMMENTS = YES;
				CLANG_WARN_EMPTY_BODY = YES;
				CLANG_WARN_ENUM_CONVERSION = YES;
				CLANG_WARN_INFINITE_RECURSION = YES;
				CLANG_WARN_INT_CONVERSION = YES;
				CLANG_WARN_NON_LITERAL_NULL_CONVERSION = YES;
				CLANG_WARN_OBJC_IMPLICIT_RETAIN_SELF = YES;
				CLANG_WARN_OBJC_LITERAL_CONVERSION = YES;
				CLANG_WARN_OBJC_ROOT_CLASS = YES_ERROR;
				CLANG_WARN_QUOTED_INCLUDE_IN_FRAMEWORK_HEADER = YES;
				CLANG_WARN_RANGE_LOOP_ANALYSIS = YES;
				CLANG_WARN_STRICT_PROTOTYPES = YES;
				CLANG_WARN_SUSPICIOUS_MOVE = YES;
				CLANG_WARN_UNGUARDED_AVAILABILITY = YES_AGGRESSIVE;
				CLANG_WARN_UNREACHABLE_CODE = YES;
				CLANG_WARN__DUPLICATE_METHOD_MATCH = YES;
				CODE_SIGN_IDENTITY = "iPhone Developer";
				COPY_PHASE_STRIP = NO;
				DEBUG_INFORMATION_FORMAT = "dwarf-with-dsym";
				ENABLE_NS_ASSERTIONS = NO;
				ENABLE_STRICT_OBJC_MSGSEND = YES;
				ENABLE_USER_SCRIPT_SANDBOXING = YES;
				GCC_C_LANGUAGE_STANDARD = gnu17;
				GCC_NO_COMMON_BLOCKS = YES;
				GCC_WARN_64_TO_32_BIT_CONVERSION = YES;
				GCC_WARN_ABOUT_RETURN_TYPE = YES_ERROR;
				GCC_WARN_UNDECLARED_SELECTOR = YES;
				GCC_WARN_UNINITIALIZED_AUTOS = YES_AGGRESSIVE;
				GCC_WARN_UNUSED_FUNCTION = YES;
				GCC_WARN_UNUSED_VARIABLE = YES;
				IPHONEOS_DEPLOYMENT_TARGET = 17.2;
				LOCALIZATION_PREFERS_STRING_CATALOGS = YES;
				MTL_ENABLE_DEBUG_INFO = NO;
				MTL_FAST_MATH = YES;
				SDKROOT = iphoneos;
				SWIFT_COMPILATION_MODE = wholemodule;
				VALIDATE_PRODUCT = YES;
			};
			name = Release;
		};
		A1485D212C8769C20062DB3F /* Debug */ = {
			isa = XCBuildConfiguration;
			buildSettings = {
				ASSETCATALOG_COMPILER_APPICON_NAME = AppIcon;
				ASSETCATALOG_COMPILER_GLOBAL_ACCENT_COLOR_NAME = AccentColor;
				CODE_SIGN_STYLE = Automatic;
				CURRENT_PROJECT_VERSION = 1;
				DEVELOPMENT_ASSET_PATHS = "\"TODOListWatchAndTV/Preview Content\"";
				DEVELOPMENT_TEAM = HDWNKQ472C;
				ENABLE_PREVIEWS = YES;
				GENERATE_INFOPLIST_FILE = YES;
				INFOPLIST_KEY_UIApplicationSceneManifest_Generation = YES;
				INFOPLIST_KEY_UIApplicationSupportsIndirectInputEvents = YES;
				INFOPLIST_KEY_UILaunchScreen_Generation = YES;
				INFOPLIST_KEY_UISupportedInterfaceOrientations_iPad = "UIInterfaceOrientationPortrait UIInterfaceOrientationPortraitUpsideDown UIInterfaceOrientationLandscapeLeft UIInterfaceOrientationLandscapeRight";
				INFOPLIST_KEY_UISupportedInterfaceOrientations_iPhone = "UIInterfaceOrientationPortrait UIInterfaceOrientationLandscapeLeft UIInterfaceOrientationLandscapeRight";
				LD_RUNPATH_SEARCH_PATHS = (
					"$(inherited)",
					"@executable_path/Frameworks",
				);
				MARKETING_VERSION = 1.0;
				PRODUCT_BUNDLE_IDENTIFIER = Nikita12G.TODOListWatchAndTV;
				PRODUCT_NAME = "$(TARGET_NAME)";
				SWIFT_EMIT_LOC_STRINGS = YES;
				SWIFT_VERSION = 5.0;
				TARGETED_DEVICE_FAMILY = "1,2";
			};
			name = Debug;
		};
		A1485D222C8769C20062DB3F /* Release */ = {
			isa = XCBuildConfiguration;
			buildSettings = {
				ASSETCATALOG_COMPILER_APPICON_NAME = AppIcon;
				ASSETCATALOG_COMPILER_GLOBAL_ACCENT_COLOR_NAME = AccentColor;
				CODE_SIGN_STYLE = Automatic;
				CURRENT_PROJECT_VERSION = 1;
				DEVELOPMENT_ASSET_PATHS = "\"TODOListWatchAndTV/Preview Content\"";
				DEVELOPMENT_TEAM = HDWNKQ472C;
				ENABLE_PREVIEWS = YES;
				GENERATE_INFOPLIST_FILE = YES;
				INFOPLIST_KEY_UIApplicationSceneManifest_Generation = YES;
				INFOPLIST_KEY_UIApplicationSupportsIndirectInputEvents = YES;
				INFOPLIST_KEY_UILaunchScreen_Generation = YES;
				INFOPLIST_KEY_UISupportedInterfaceOrientations_iPad = "UIInterfaceOrientationPortrait UIInterfaceOrientationPortraitUpsideDown UIInterfaceOrientationLandscapeLeft UIInterfaceOrientationLandscapeRight";
				INFOPLIST_KEY_UISupportedInterfaceOrientations_iPhone = "UIInterfaceOrientationPortrait UIInterfaceOrientationLandscapeLeft UIInterfaceOrientationLandscapeRight";
				LD_RUNPATH_SEARCH_PATHS = (
					"$(inherited)",
					"@executable_path/Frameworks",
				);
				MARKETING_VERSION = 1.0;
				PRODUCT_BUNDLE_IDENTIFIER = Nikita12G.TODOListWatchAndTV;
				PRODUCT_NAME = "$(TARGET_NAME)";
				SWIFT_EMIT_LOC_STRINGS = YES;
				SWIFT_VERSION = 5.0;
				TARGETED_DEVICE_FAMILY = "1,2";
			};
			name = Release;
		};
		A1485D542C876A3B0062DB3F /* Debug */ = {
			isa = XCBuildConfiguration;
			buildSettings = {
				ALWAYS_EMBED_SWIFT_STANDARD_LIBRARIES = YES;
				CODE_SIGN_STYLE = Automatic;
				CURRENT_PROJECT_VERSION = 1;
				DEVELOPMENT_TEAM = HDWNKQ472C;
				INFOPLIST_KEY_CFBundleDisplayName = TodoWatch;
				MARKETING_VERSION = 1.0;
				PRODUCT_BUNDLE_IDENTIFIER = Nikita12G.TodoWatch;
				PRODUCT_NAME = "$(TARGET_NAME)";
				SWIFT_VERSION = 5.0;
			};
			name = Debug;
		};
		A1485D552C876A3B0062DB3F /* Release */ = {
			isa = XCBuildConfiguration;
			buildSettings = {
				ALWAYS_EMBED_SWIFT_STANDARD_LIBRARIES = YES;
				CODE_SIGN_STYLE = Automatic;
				CURRENT_PROJECT_VERSION = 1;
				DEVELOPMENT_TEAM = HDWNKQ472C;
				INFOPLIST_KEY_CFBundleDisplayName = TodoWatch;
				MARKETING_VERSION = 1.0;
				PRODUCT_BUNDLE_IDENTIFIER = Nikita12G.TodoWatch;
				PRODUCT_NAME = "$(TARGET_NAME)";
				SWIFT_VERSION = 5.0;
			};
			name = Release;
		};
		A1485D572C876A3B0062DB3F /* Debug */ = {
			isa = XCBuildConfiguration;
			buildSettings = {
				ASSETCATALOG_COMPILER_APPICON_NAME = AppIcon;
				ASSETCATALOG_COMPILER_GLOBAL_ACCENT_COLOR_NAME = AccentColor;
				CODE_SIGN_STYLE = Automatic;
				CURRENT_PROJECT_VERSION = 1;
				DEVELOPMENT_ASSET_PATHS = "\"TodoWatch Watch App/Preview Content\"";
				DEVELOPMENT_TEAM = HDWNKQ472C;
				ENABLE_PREVIEWS = YES;
				GENERATE_INFOPLIST_FILE = YES;
				INFOPLIST_KEY_CFBundleDisplayName = TodoWatch;
				INFOPLIST_KEY_UISupportedInterfaceOrientations = "UIInterfaceOrientationPortrait UIInterfaceOrientationPortraitUpsideDown";
				INFOPLIST_KEY_WKWatchOnly = YES;
				LD_RUNPATH_SEARCH_PATHS = (
					"$(inherited)",
					"@executable_path/Frameworks",
				);
				MARKETING_VERSION = 1.0;
				PRODUCT_BUNDLE_IDENTIFIER = Nikita12G.TodoWatch.watchkitapp;
				PRODUCT_NAME = "$(TARGET_NAME)";
				SDKROOT = watchos;
				SKIP_INSTALL = YES;
				SWIFT_EMIT_LOC_STRINGS = YES;
				SWIFT_VERSION = 5.0;
				TARGETED_DEVICE_FAMILY = 4;
				WATCHOS_DEPLOYMENT_TARGET = 10.2;
			};
			name = Debug;
		};
		A1485D582C876A3B0062DB3F /* Release */ = {
			isa = XCBuildConfiguration;
			buildSettings = {
				ASSETCATALOG_COMPILER_APPICON_NAME = AppIcon;
				ASSETCATALOG_COMPILER_GLOBAL_ACCENT_COLOR_NAME = AccentColor;
				CODE_SIGN_STYLE = Automatic;
				CURRENT_PROJECT_VERSION = 1;
				DEVELOPMENT_ASSET_PATHS = "\"TodoWatch Watch App/Preview Content\"";
				DEVELOPMENT_TEAM = HDWNKQ472C;
				ENABLE_PREVIEWS = YES;
				GENERATE_INFOPLIST_FILE = YES;
				INFOPLIST_KEY_CFBundleDisplayName = TodoWatch;
				INFOPLIST_KEY_UISupportedInterfaceOrientations = "UIInterfaceOrientationPortrait UIInterfaceOrientationPortraitUpsideDown";
				INFOPLIST_KEY_WKWatchOnly = YES;
				LD_RUNPATH_SEARCH_PATHS = (
					"$(inherited)",
					"@executable_path/Frameworks",
				);
				MARKETING_VERSION = 1.0;
				PRODUCT_BUNDLE_IDENTIFIER = Nikita12G.TodoWatch.watchkitapp;
				PRODUCT_NAME = "$(TARGET_NAME)";
				SDKROOT = watchos;
				SKIP_INSTALL = YES;
				SWIFT_EMIT_LOC_STRINGS = YES;
				SWIFT_VERSION = 5.0;
				TARGETED_DEVICE_FAMILY = 4;
				WATCHOS_DEPLOYMENT_TARGET = 10.2;
			};
			name = Release;
		};
		A1485D6B2C876A510062DB3F /* Debug */ = {
			isa = XCBuildConfiguration;
			buildSettings = {
				ASSETCATALOG_COMPILER_APPICON_NAME = "App Icon & Top Shelf Image";
				ASSETCATALOG_COMPILER_GLOBAL_ACCENT_COLOR_NAME = AccentColor;
				CODE_SIGN_STYLE = Automatic;
				CURRENT_PROJECT_VERSION = 1;
				DEVELOPMENT_ASSET_PATHS = "\"TodoTV/Preview Content\"";
				DEVELOPMENT_TEAM = HDWNKQ472C;
				ENABLE_PREVIEWS = YES;
				GENERATE_INFOPLIST_FILE = YES;
				INFOPLIST_KEY_UILaunchScreen_Generation = YES;
				INFOPLIST_KEY_UIUserInterfaceStyle = Automatic;
				LD_RUNPATH_SEARCH_PATHS = (
					"$(inherited)",
					"@executable_path/Frameworks",
				);
				MARKETING_VERSION = 1.0;
				PRODUCT_BUNDLE_IDENTIFIER = Nikita12G.TodoTV;
				PRODUCT_NAME = "$(TARGET_NAME)";
				SDKROOT = appletvos;
				SWIFT_EMIT_LOC_STRINGS = YES;
				SWIFT_VERSION = 5.0;
				TARGETED_DEVICE_FAMILY = 3;
				TVOS_DEPLOYMENT_TARGET = 17.2;
			};
			name = Debug;
		};
		A1485D6C2C876A510062DB3F /* Release */ = {
			isa = XCBuildConfiguration;
			buildSettings = {
				ASSETCATALOG_COMPILER_APPICON_NAME = "App Icon & Top Shelf Image";
				ASSETCATALOG_COMPILER_GLOBAL_ACCENT_COLOR_NAME = AccentColor;
				CODE_SIGN_STYLE = Automatic;
				CURRENT_PROJECT_VERSION = 1;
				DEVELOPMENT_ASSET_PATHS = "\"TodoTV/Preview Content\"";
				DEVELOPMENT_TEAM = HDWNKQ472C;
				ENABLE_PREVIEWS = YES;
				GENERATE_INFOPLIST_FILE = YES;
				INFOPLIST_KEY_UILaunchScreen_Generation = YES;
				INFOPLIST_KEY_UIUserInterfaceStyle = Automatic;
				LD_RUNPATH_SEARCH_PATHS = (
					"$(inherited)",
					"@executable_path/Frameworks",
				);
				MARKETING_VERSION = 1.0;
				PRODUCT_BUNDLE_IDENTIFIER = Nikita12G.TodoTV;
				PRODUCT_NAME = "$(TARGET_NAME)";
				SDKROOT = appletvos;
				SWIFT_EMIT_LOC_STRINGS = YES;
				SWIFT_VERSION = 5.0;
				TARGETED_DEVICE_FAMILY = 3;
				TVOS_DEPLOYMENT_TARGET = 17.2;
			};
			name = Release;
		};
/* End XCBuildConfiguration section */

/* Begin XCConfigurationList section */
		A1485D0D2C8769C00062DB3F /* Build configuration list for PBXProject "TODOListWatchAndTV" */ = {
			isa = XCConfigurationList;
			buildConfigurations = (
				A1485D1E2C8769C20062DB3F /* Debug */,
				A1485D1F2C8769C20062DB3F /* Release */,
			);
			defaultConfigurationIsVisible = 0;
			defaultConfigurationName = Release;
		};
		A1485D202C8769C20062DB3F /* Build configuration list for PBXNativeTarget "TODOListWatchAndTV" */ = {
			isa = XCConfigurationList;
			buildConfigurations = (
				A1485D212C8769C20062DB3F /* Debug */,
				A1485D222C8769C20062DB3F /* Release */,
			);
			defaultConfigurationIsVisible = 0;
			defaultConfigurationName = Release;
		};
		A1485D592C876A3B0062DB3F /* Build configuration list for PBXNativeTarget "TodoWatch Watch App" */ = {
			isa = XCConfigurationList;
			buildConfigurations = (
				A1485D572C876A3B0062DB3F /* Debug */,
				A1485D582C876A3B0062DB3F /* Release */,
			);
			defaultConfigurationIsVisible = 0;
			defaultConfigurationName = Release;
		};
		A1485D5A2C876A3B0062DB3F /* Build configuration list for PBXNativeTarget "TodoWatch" */ = {
			isa = XCConfigurationList;
			buildConfigurations = (
				A1485D542C876A3B0062DB3F /* Debug */,
				A1485D552C876A3B0062DB3F /* Release */,
			);
			defaultConfigurationIsVisible = 0;
			defaultConfigurationName = Release;
		};
		A1485D6A2C876A510062DB3F /* Build configuration list for PBXNativeTarget "TodoTV" */ = {
			isa = XCConfigurationList;
			buildConfigurations = (
				A1485D6B2C876A510062DB3F /* Debug */,
				A1485D6C2C876A510062DB3F /* Release */,
			);
			defaultConfigurationIsVisible = 0;
			defaultConfigurationName = Release;
		};
/* End XCConfigurationList section */
	};
	rootObject = A1485D0A2C8769C00062DB3F /* Project object */;
}
